
Microsoft Visual Studio Solution File, Format Version 12.00
# Visual Studio Version 16
VisualStudioVersion = 16.0.30204.135
MinimumVisualStudioVersion = 10.0.40219.1
Project("{FAE04EC0-301F-11D3-BF4B-00C04F79EFBC}") = "HelloXamarinApp.Android", "HelloXamarinApp\HelloXamarinApp.Android\HelloXamarinApp.Android.csproj", "{D32FCA79-D32E-4B23-8DB7-B174C295A9F7}"
EndProject
Project("{FAE04EC0-301F-11D3-BF4B-00C04F79EFBC}") = "HelloXamarinApp.iOS", "HelloXamarinApp\HelloXamarinApp.iOS\HelloXamarinApp.iOS.csproj", "{CB4FE18C-69FC-4760-81D6-31F96E2D4D4F}"
EndProject
Project("{FAE04EC0-301F-11D3-BF4B-00C04F79EFBC}") = "HelloXamarinApp", "HelloXamarinApp\HelloXamarinApp\HelloXamarinApp.csproj", "{F0C040BD-E8D1-4155-80A4-55225A3DF165}"
EndProject
Global
	GlobalSection(SolutionConfigurationPlatforms) = preSolution
		Debug|Any CPU = Debug|Any CPU
		Debug|iPhone = Debug|iPhone
		Debug|iPhoneSimulator = Debug|iPhoneSimulator
		Release|Any CPU = Release|Any CPU
		Release|iPhone = Release|iPhone
		Release|iPhoneSimulator = Release|iPhoneSimulator
	EndGlobalSection
	GlobalSection(ProjectConfigurationPlatforms) = postSolution
		{D32FCA79-D32E-4B23-8DB7-B174C295A9F7}.Debug|Any CPU.ActiveCfg = Debug|Any CPU
		{D32FCA79-D32E-4B23-8DB7-B174C295A9F7}.Debug|Any CPU.Build.0 = Debug|Any CPU
		{D32FCA79-D32E-4B23-8DB7-B174C295A9F7}.Debug|Any CPU.Deploy.0 = Debug|Any CPU
		{D32FCA79-D32E-4B23-8DB7-B174C295A9F7}.Debug|iPhone.ActiveCfg = Debug|Any CPU
		{D32FCA79-D32E-4B23-8DB7-B174C295A9F7}.Debug|iPhone.Build.0 = Debug|Any CPU
		{D32FCA79-D32E-4B23-8DB7-B174C295A9F7}.Debug|iPhone.Deploy.0 = Debug|Any CPU
		{D32FCA79-D32E-4B23-8DB7-B174C295A9F7}.Debug|iPhoneSimulator.ActiveCfg = Debug|Any CPU
		{D32FCA79-D32E-4B23-8DB7-B174C295A9F7}.Debug|iPhoneSimulator.Build.0 = Debug|Any CPU
		{D32FCA79-D32E-4B23-8DB7-B174C295A9F7}.Debug|iPhoneSimulator.Deploy.0 = Debug|Any CPU
		{D32FCA79-D32E-4B23-8DB7-B174C295A9F7}.Release|Any CPU.ActiveCfg = Release|Any CPU
		{D32FCA79-D32E-4B23-8DB7-B174C295A9F7}.Release|Any CPU.Build.0 = Release|Any CPU
		{D32FCA79-D32E-4B23-8DB7-B174C295A9F7}.Release|Any CPU.Deploy.0 = Release|Any CPU
		{D32FCA79-D32E-4B23-8DB7-B174C295A9F7}.Release|iPhone.ActiveCfg = Release|Any CPU
		{D32FCA79-D32E-4B23-8DB7-B174C295A9F7}.Release|iPhone.Build.0 = Release|Any CPU
		{D32FCA79-D32E-4B23-8DB7-B174C295A9F7}.Release|iPhone.Deploy.0 = Release|Any CPU
		{D32FCA79-D32E-4B23-8DB7-B174C295A9F7}.Release|iPhoneSimulator.ActiveCfg = Release|Any CPU
		{D32FCA79-D32E-4B23-8DB7-B174C295A9F7}.Release|iPhoneSimulator.Build.0 = Release|Any CPU
		{D32FCA79-D32E-4B23-8DB7-B174C295A9F7}.Release|iPhoneSimulator.Deploy.0 = Release|Any CPU
		{CB4FE18C-69FC-4760-81D6-31F96E2D4D4F}.Debug|Any CPU.ActiveCfg = Debug|iPhone
		{CB4FE18C-69FC-4760-81D6-31F96E2D4D4F}.Debug|Any CPU.Build.0 = Debug|iPhone
		{CB4FE18C-69FC-4760-81D6-31F96E2D4D4F}.Debug|Any CPU.Deploy.0 = Debug|iPhone
		{CB4FE18C-69FC-4760-81D6-31F96E2D4D4F}.Debug|iPhone.ActiveCfg = Debug|iPhone
		{CB4FE18C-69FC-4760-81D6-31F96E2D4D4F}.Debug|iPhone.Build.0 = Debug|iPhone
		{CB4FE18C-69FC-4760-81D6-31F96E2D4D4F}.Debug|iPhone.Deploy.0 = Debug|iPhone
		{CB4FE18C-69FC-4760-81D6-31F96E2D4D4F}.Debug|iPhoneSimulator.ActiveCfg = Debug|iPhoneSimulator
		{CB4FE18C-69FC-4760-81D6-31F96E2D4D4F}.Debug|iPhoneSimulator.Build.0 = Debug|iPhoneSimulator
		{CB4FE18C-69FC-4760-81D6-31F96E2D4D4F}.Debug|iPhoneSimulator.Deploy.0 = Debug|iPhoneSimulator
		{CB4FE18C-69FC-4760-81D6-31F96E2D4D4F}.Release|Any CPU.ActiveCfg = Release|iPhone
		{CB4FE18C-69FC-4760-81D6-31F96E2D4D4F}.Release|Any CPU.Build.0 = Release|iPhone
		{CB4FE18C-69FC-4760-81D6-31F96E2D4D4F}.Release|Any CPU.Deploy.0 = Release|iPhone
		{CB4FE18C-69FC-4760-81D6-31F96E2D4D4F}.Release|iPhone.ActiveCfg = Release|iPhone
		{CB4FE18C-69FC-4760-81D6-31F96E2D4D4F}.Release|iPhone.Build.0 = Release|iPhone
		{CB4FE18C-69FC-4760-81D6-31F96E2D4D4F}.Release|iPhone.Deploy.0 = Release|iPhone
		{CB4FE18C-69FC-4760-81D6-31F96E2D4D4F}.Release|iPhoneSimulator.ActiveCfg = Release|iPhoneSimulator
		{CB4FE18C-69FC-4760-81D6-31F96E2D4D4F}.Release|iPhoneSimulator.Build.0 = Release|iPhoneSimulator
		{CB4FE18C-69FC-4760-81D6-31F96E2D4D4F}.Release|iPhoneSimulator.Deploy.0 = Release|iPhoneSimulator
		{F0C040BD-E8D1-4155-80A4-55225A3DF165}.Debug|Any CPU.ActiveCfg = Debug|Any CPU
		{F0C040BD-E8D1-4155-80A4-55225A3DF165}.Debug|Any CPU.Build.0 = Debug|Any CPU
		{F0C040BD-E8D1-4155-80A4-55225A3DF165}.Debug|Any CPU.Deploy.0 = Debug|Any CPU
		{F0C040BD-E8D1-4155-80A4-55225A3DF165}.Debug|iPhone.ActiveCfg = Debug|Any CPU
		{F0C040BD-E8D1-4155-80A4-55225A3DF165}.Debug|iPhone.Build.0 = Debug|Any CPU
		{F0C040BD-E8D1-4155-80A4-55225A3DF165}.Debug|iPhone.Deploy.0 = Debug|Any CPU
		{F0C040BD-E8D1-4155-80A4-55225A3DF165}.Debug|iPhoneSimulator.ActiveCfg = Debug|Any CPU
		{F0C040BD-E8D1-4155-80A4-55225A3DF165}.Debug|iPhoneSimulator.Build.0 = Debug|Any CPU
		{F0C040BD-E8D1-4155-80A4-55225A3DF165}.Debug|iPhoneSimulator.Deploy.0 = Debug|Any CPU
		{F0C040BD-E8D1-4155-80A4-55225A3DF165}.Release|Any CPU.ActiveCfg = Release|Any CPU
		{F0C040BD-E8D1-4155-80A4-55225A3DF165}.Release|Any CPU.Build.0 = Release|Any CPU
		{F0C040BD-E8D1-4155-80A4-55225A3DF165}.Release|Any CPU.Deploy.0 = Release|Any CPU
		{F0C040BD-E8D1-4155-80A4-55225A3DF165}.Release|iPhone.ActiveCfg = Release|Any CPU
		{F0C040BD-E8D1-4155-80A4-55225A3DF165}.Release|iPhone.Build.0 = Release|Any CPU
		{F0C040BD-E8D1-4155-80A4-55225A3DF165}.Release|iPhone.Deploy.0 = Release|Any CPU
		{F0C040BD-E8D1-4155-80A4-55225A3DF165}.Release|iPhoneSimulator.ActiveCfg = Release|Any CPU
		{F0C040BD-E8D1-4155-80A4-55225A3DF165}.Release|iPhoneSimulator.Build.0 = Release|Any CPU
		{F0C040BD-E8D1-4155-80A4-55225A3DF165}.Release|iPhoneSimulator.Deploy.0 = Release|Any CPU
	EndGlobalSection
	GlobalSection(SolutionProperties) = preSolution
		HideSolutionNode = FALSE
	EndGlobalSection
	GlobalSection(ExtensibilityGlobals) = postSolution
		SolutionGuid = {7310F578-18A7-4E57-ACDA-18BAEDBC8AE0}
	EndGlobalSection
EndGlobal
